// !$*UTF8*$!
{
	archiveVersion = 1;
	classes = {
	};
	objectVersion = 50;
	objects = {

/* Begin PBXBuildFile section */
		3C537B24241DF8EF00A1DB6B /* AppDelegate.swift in Sources */ = {isa = PBXBuildFile; fileRef = 3C537B23241DF8EF00A1DB6B /* AppDelegate.swift */; };
		3C537B26241DF8EF00A1DB6B /* SceneDelegate.swift in Sources */ = {isa = PBXBuildFile; fileRef = 3C537B25241DF8EF00A1DB6B /* SceneDelegate.swift */; };
		3C537B28241DF8EF00A1DB6B /* ViewController.swift in Sources */ = {isa = PBXBuildFile; fileRef = 3C537B27241DF8EF00A1DB6B /* ViewController.swift */; };
		3C537B2B241DF8EF00A1DB6B /* Main.storyboard in Resources */ = {isa = PBXBuildFile; fileRef = 3C537B29241DF8EF00A1DB6B /* Main.storyboard */; };
		3C537B2D241DF8F000A1DB6B /* Assets.xcassets in Resources */ = {isa = PBXBuildFile; fileRef = 3C537B2C241DF8F000A1DB6B /* Assets.xcassets */; };
		3C537B30241DF8F000A1DB6B /* LaunchScreen.storyboard in Resources */ = {isa = PBXBuildFile; fileRef = 3C537B2E241DF8F000A1DB6B /* LaunchScreen.storyboard */; };
/* End PBXBuildFile section */

/* Begin PBXFileReference section */
		3C537B20241DF8EF00A1DB6B /* 朝電話.app */ = {isa = PBXFileReference; explicitFileType = wrapper.application; includeInIndex = 0; path = "朝電話.app"; sourceTree = BUILT_PRODUCTS_DIR; };
		3C537B23241DF8EF00A1DB6B /* AppDelegate.swift */ = {isa = PBXFileReference; lastKnownFileType = sourcecode.swift; path = AppDelegate.swift; sourceTree = "<group>"; };
		3C537B25241DF8EF00A1DB6B /* SceneDelegate.swift */ = {isa = PBXFileReference; lastKnownFileType = sourcecode.swift; path = SceneDelegate.swift; sourceTree = "<group>"; };
		3C537B27241DF8EF00A1DB6B /* ViewController.swift */ = {isa = PBXFileReference; lastKnownFileType = sourcecode.swift; path = ViewController.swift; sourceTree = "<group>"; };
		3C537B2A241DF8EF00A1DB6B /* Base */ = {isa = PBXFileReference; lastKnownFileType = file.storyboard; name = Base; path = Base.lproj/Main.storyboard; sourceTree = "<group>"; };
		3C537B2C241DF8F000A1DB6B /* Assets.xcassets */ = {isa = PBXFileReference; lastKnownFileType = folder.assetcatalog; path = Assets.xcassets; sourceTree = "<group>"; };
		3C537B2F241DF8F000A1DB6B /* Base */ = {isa = PBXFileReference; lastKnownFileType = file.storyboard; name = Base; path = Base.lproj/LaunchScreen.storyboard; sourceTree = "<group>"; };
		3C537B31241DF8F000A1DB6B /* Info.plist */ = {isa = PBXFileReference; lastKnownFileType = text.plist.xml; path = Info.plist; sourceTree = "<group>"; };
/* End PBXFileReference section */

/* Begin PBXFrameworksBuildPhase section */
		3C537B1D241DF8EF00A1DB6B /* Frameworks */ = {
			isa = PBXFrameworksBuildPhase;
			buildActionMask = 2147483647;
			files = (
			);
			runOnlyForDeploymentPostprocessing = 0;
		};
/* End PBXFrameworksBuildPhase section */

/* Begin PBXGroup section */
		3C537B17241DF8EF00A1DB6B = {
			isa = PBXGroup;
			children = (
				3C537B22241DF8EF00A1DB6B /* morningCall */,
				3C537B21241DF8EF00A1DB6B /* Products */,
			);
			sourceTree = "<group>";
		};
		3C537B21241DF8EF00A1DB6B /* Products */ = {
			isa = PBXGroup;
			children = (
				3C537B20241DF8EF00A1DB6B /* 朝電話.app */,
			);
			name = Products;
			sourceTree = "<group>";
		};
		3C537B22241DF8EF00A1DB6B /* morningCall */ = {
			isa = PBXGroup;
			children = (
				3C537B23241DF8EF00A1DB6B /* AppDelegate.swift */,
				3C537B25241DF8EF00A1DB6B /* SceneDelegate.swift */,
				3C537B27241DF8EF00A1DB6B /* ViewController.swift */,
				3C537B29241DF8EF00A1DB6B /* Main.storyboard */,
				3C537B2C241DF8F000A1DB6B /* Assets.xcassets */,
				3C537B2E241DF8F000A1DB6B /* LaunchScreen.storyboard */,
				3C537B31241DF8F000A1DB6B /* Info.plist */,
			);
			path = morningCall;
			sourceTree = "<group>";
		};
/* End PBXGroup section */

/* Begin PBXNativeTarget section */
		3C537B1F241DF8EF00A1DB6B /* morningCall */ = {
			isa = PBXNativeTarget;
			buildConfigurationList = 3C537B34241DF8F000A1DB6B /* Build configuration list for PBXNativeTarget "morningCall" */;
			buildPhases = (
				3C537B1C241DF8EF00A1DB6B /* Sources */,
				3C537B1D241DF8EF00A1DB6B /* Frameworks */,
				3C537B1E241DF8EF00A1DB6B /* Resources */,
			);
			buildRules = (
			);
			dependencies = (
			);
			name = morningCall;
			productName = morningCall;
			productReference = 3C537B20241DF8EF00A1DB6B /* 朝電話.app */;
			productType = "com.apple.product-type.application";
		};
/* End PBXNativeTarget section */

/* Begin PBXProject section */
		3C537B18241DF8EF00A1DB6B /* Project object */ = {
			isa = PBXProject;
			attributes = {
				LastSwiftUpdateCheck = 1130;
				LastUpgradeCheck = 1130;
				ORGANIZATIONNAME = "Takahiro Kirifu";
				TargetAttributes = {
					3C537B1F241DF8EF00A1DB6B = {
						CreatedOnToolsVersion = 11.3.1;
					};
				};
			};
			buildConfigurationList = 3C537B1B241DF8EF00A1DB6B /* Build configuration list for PBXProject "morningCall" */;
			compatibilityVersion = "Xcode 9.3";
			developmentRegion = en;
			hasScannedForEncodings = 0;
			knownRegions = (
				en,
				Base,
			);
			mainGroup = 3C537B17241DF8EF00A1DB6B;
			productRefGroup = 3C537B21241DF8EF00A1DB6B /* Products */;
			projectDirPath = "";
			projectRoot = "";
			targets = (
				3C537B1F241DF8EF00A1DB6B /* morningCall */,
			);
		};
/* End PBXProject section */

/* Begin PBXResourcesBuildPhase section */
		3C537B1E241DF8EF00A1DB6B /* Resources */ = {
			isa = PBXResourcesBuildPhase;
			buildActionMask = 2147483647;
			files = (
				3C537B30241DF8F000A1DB6B /* LaunchScreen.storyboard in Resources */,
				3C537B2D241DF8F000A1DB6B /* Assets.xcassets in Resources */,
				3C537B2B241DF8EF00A1DB6B /* Main.storyboard in Resources */,
			);
			runOnlyForDeploymentPostprocessing = 0;
		};
/* End PBXResourcesBuildPhase section */

/* Begin PBXSourcesBuildPhase section */
		3C537B1C241DF8EF00A1DB6B /* Sources */ = {
			isa = PBXSourcesBuildPhase;
			buildActionMask = 2147483647;
			files = (
				3C537B28241DF8EF00A1DB6B /* ViewController.swift in Sources */,
				3C537B24241DF8EF00A1DB6B /* AppDelegate.swift in Sources */,
				3C537B26241DF8EF00A1DB6B /* SceneDelegate.swift in Sources */,
			);
			runOnlyForDeploymentPostprocessing = 0;
		};
/* End PBXSourcesBuildPhase section */

/* Begin PBXVariantGroup section */
		3C537B29241DF8EF00A1DB6B /* Main.storyboard */ = {
			isa = PBXVariantGroup;
			children = (
				3C537B2A241DF8EF00A1DB6B /* Base */,
			);
			name = Main.storyboard;
			sourceTree = "<group>";
		};
		3C537B2E241DF8F000A1DB6B /* LaunchScreen.storyboard */ = {
			isa = PBXVariantGroup;
			children = (
				3C537B2F241DF8F000A1DB6B /* Base */,
			);
			name = LaunchScreen.storyboard;
			sourceTree = "<group>";
		};
/* End PBXVariantGroup section */

/* Begin XCBuildConfiguration section */
		3C537B32241DF8F000A1DB6B /* Debug */ = {
			isa = XCBuildConfiguration;
			buildSettings = {
				ALWAYS_SEARCH_USER_PATHS = NO;
				CLANG_ANALYZER_NONNULL = YES;
				CLANG_ANALYZER_NUMBER_OBJECT_CONVERSION = YES_AGGRESSIVE;
				CLANG_CXX_LANGUAGE_STANDARD = "gnu++14";
				CLANG_CXX_LIBRARY = "libc++";
				CLANG_ENABLE_MODULES = YES;
				CLANG_ENABLE_OBJC_ARC = YES;
				CLANG_ENABLE_OBJC_WEAK = YES;
				CLANG_WARN_BLOCK_CAPTURE_AUTORELEASING = YES;
				CLANG_WARN_BOOL_CONVERSION = YES;
				CLANG_WARN_COMMA = YES;
				CLANG_WARN_CONSTANT_CONVERSION = YES;
				CLANG_WARN_DEPRECATED_OBJC_IMPLEMENTATIONS = YES;
				CLANG_WARN_DIRECT_OBJC_ISA_USAGE = YES_ERROR;
				CLANG_WARN_DOCUMENTATION_COMMENTS = YES;
				CLANG_WARN_EMPTY_BODY = YES;
				CLANG_WARN_ENUM_CONVERSION = YES;
				CLANG_WARN_INFINITE_RECURSION = YES;
				CLANG_WARN_INT_CONVERSION = YES;
				CLANG_WARN_NON_LITERAL_NULL_CONVERSION = YES;
				CLANG_WARN_OBJC_IMPLICIT_RETAIN_SELF = YES;
				CLANG_WARN_OBJC_LITERAL_CONVERSION = YES;
				CLANG_WARN_OBJC_ROOT_CLASS = YES_ERROR;
				CLANG_WARN_RANGE_LOOP_ANALYSIS = YES;
				CLANG_WARN_STRICT_PROTOTYPES = YES;
				CLANG_WARN_SUSPICIOUS_MOVE = YES;
				CLANG_WARN_UNGUARDED_AVAILABILITY = YES_AGGRESSIVE;
				CLANG_WARN_UNREACHABLE_CODE = YES;
				CLANG_WARN__DUPLICATE_METHOD_MATCH = YES;
				COPY_PHASE_STRIP = NO;
				DEBUG_INFORMATION_FORMAT = dwarf;
				ENABLE_STRICT_OBJC_MSGSEND = YES;
				ENABLE_TESTABILITY = YES;
				GCC_C_LANGUAGE_STANDARD = gnu11;
				GCC_DYNAMIC_NO_PIC = NO;
				GCC_NO_COMMON_BLOCKS = YES;
				GCC_OPTIMIZATION_LEVEL = 0;
				GCC_PREPROCESSOR_DEFINITIONS = (
					"DEBUG=1",
					"$(inherited)",
				);
				GCC_WARN_64_TO_32_BIT_CONVERSION = YES;
				GCC_WARN_ABOUT_RETURN_TYPE = YES_ERROR;
				GCC_WARN_UNDECLARED_SELECTOR = YES;
				GCC_WARN_UNINITIALIZED_AUTOS = YES_AGGRESSIVE;
				GCC_WARN_UNUSED_FUNCTION = YES;
				GCC_WARN_UNUSED_VARIABLE = YES;
				IPHONEOS_DEPLOYMENT_TARGET = 13.2;
				MTL_ENABLE_DEBUG_INFO = INCLUDE_SOURCE;
				MTL_FAST_MATH = YES;
				ONLY_ACTIVE_ARCH = YES;
				SDKROOT = iphoneos;
				SWIFT_ACTIVE_COMPILATION_CONDITIONS = DEBUG;
				SWIFT_OPTIMIZATION_LEVEL = "-Onone";
			};
			name = Debug;
		};
		3C537B33241DF8F000A1DB6B /* Release */ = {
			isa = XCBuildConfiguration;
			buildSettings = {
				ALWAYS_SEARCH_USER_PATHS = NO;
				CLANG_ANALYZER_NONNULL = YES;
				CLANG_ANALYZER_NUMBER_OBJECT_CONVERSION = YES_AGGRESSIVE;
				CLANG_CXX_LANGUAGE_STANDARD = "gnu++14";
				CLANG_CXX_LIBRARY = "libc++";
				CLANG_ENABLE_MODULES = YES;
				CLANG_ENABLE_OBJC_ARC = YES;
				CLANG_ENABLE_OBJC_WEAK = YES;
				CLANG_WARN_BLOCK_CAPTURE_AUTORELEASING = YES;
				CLANG_WARN_BOOL_CONVERSION = YES;
				CLANG_WARN_COMMA = YES;
				CLANG_WARN_CONSTANT_CONVERSION = YES;
				CLANG_WARN_DEPRECATED_OBJC_IMPLEMENTATIONS = YES;
				CLANG_WARN_DIRECT_OBJC_ISA_USAGE = YES_ERROR;
				CLANG_WARN_DOCUMENTATION_COMMENTS = YES;
				CLANG_WARN_EMPTY_BODY = YES;
				CLANG_WARN_ENUM_CONVERSION = YES;
				CLANG_WARN_INFINITE_RECURSION = YES;
				CLANG_WARN_INT_CONVERSION = YES;
				CLANG_WARN_NON_LITERAL_NULL_CONVERSION = YES;
				CLANG_WARN_OBJC_IMPLICIT_RETAIN_SELF = YES;
				CLANG_WARN_OBJC_LITERAL_CONVERSION = YES;
				CLANG_WARN_OBJC_ROOT_CLASS = YES_ERROR;
				CLANG_WARN_RANGE_LOOP_ANALYSIS = YES;
				CLANG_WARN_STRICT_PROTOTYPES = YES;
				CLANG_WARN_SUSPICIOUS_MOVE = YES;
				CLANG_WARN_UNGUARDED_AVAILABILITY = YES_AGGRESSIVE;
				CLANG_WARN_UNREACHABLE_CODE = YES;
				CLANG_WARN__DUPLICATE_METHOD_MATCH = YES;
				COPY_PHASE_STRIP = NO;
				DEBUG_INFORMATION_FORMAT = "dwarf-with-dsym";
				ENABLE_NS_ASSERTIONS = NO;
				ENABLE_STRICT_OBJC_MSGSEND = YES;
				GCC_C_LANGUAGE_STANDARD = gnu11;
				GCC_NO_COMMON_BLOCKS = YES;
				GCC_WARN_64_TO_32_BIT_CONVERSION = YES;
				GCC_WARN_ABOUT_RETURN_TYPE = YES_ERROR;
				GCC_WARN_UNDECLARED_SELECTOR = YES;
				GCC_WARN_UNINITIALIZED_AUTOS = YES_AGGRESSIVE;
				GCC_WARN_UNUSED_FUNCTION = YES;
				GCC_WARN_UNUSED_VARIABLE = YES;
				IPHONEOS_DEPLOYMENT_TARGET = 13.2;
				MTL_ENABLE_DEBUG_INFO = NO;
				MTL_FAST_MATH = YES;
				SDKROOT = iphoneos;
				SWIFT_COMPILATION_MODE = wholemodule;
				SWIFT_OPTIMIZATION_LEVEL = "-O";
				VALIDATE_PRODUCT = YES;
			};
			name = Release;
		};
		3C537B35241DF8F000A1DB6B /* Debug */ = {
			isa = XCBuildConfiguration;
			buildSettings = {
				ASSETCATALOG_COMPILER_APPICON_NAME = AppIcon;
				CODE_SIGN_STYLE = Automatic;
				DEVELOPMENT_TEAM = HA3L6C6VRC;
				INFOPLIST_FILE = morningCall/Info.plist;
				LD_RUNPATH_SEARCH_PATHS = (
					"$(inherited)",
					"@executable_path/Frameworks",
				);
				PRODUCT_BUNDLE_IDENTIFIER = work.kirifu.morningCall;
				PRODUCT_NAME = "朝電話";
				SWIFT_VERSION = 5.0;
				TARGETED_DEVICE_FAMILY = 1;
			};
			name = Debug;
		};
		3C537B36241DF8F000A1DB6B /* Release */ = {
			isa = XCBuildConfiguration;
			buildSettings = {
				ASSETCATALOG_COMPILER_APPICON_NAME = AppIcon;
				CODE_SIGN_STYLE = Automatic;
				DEVELOPMENT_TEAM = HA3L6C6VRC;
				INFOPLIST_FILE = morningCall/Info.plist;
				LD_RUNPATH_SEARCH_PATHS = (
					"$(inherited)",
					"@executable_path/Frameworks",
				);
				PRODUCT_BUNDLE_IDENTIFIER = work.kirifu.morningCall;
				PRODUCT_NAME = "朝電話";
				SWIFT_VERSION = 5.0;
				TARGETED_DEVICE_FAMILY = 1;
			};
			name = Release;
		};
/* End XCBuildConfiguration section */

/* Begin XCConfigurationList section */
		3C537B1B241DF8EF00A1DB6B /* Build configuration list for PBXProject "morningCall" */ = {
			isa = XCConfigurationList;
			buildConfigurations = (
				3C537B32241DF8F000A1DB6B /* Debug */,
				3C537B33241DF8F000A1DB6B /* Release */,
			);
			defaultConfigurationIsVisible = 0;
			defaultConfigurationName = Release;
		};
		3C537B34241DF8F000A1DB6B /* Build configuration list for PBXNativeTarget "morningCall" */ = {
			isa = XCConfigurationList;
			buildConfigurations = (
				3C537B35241DF8F000A1DB6B /* Debug */,
				3C537B36241DF8F000A1DB6B /* Release */,
			);
			defaultConfigurationIsVisible = 0;
			defaultConfigurationName = Release;
		};
/* End XCConfigurationList section */
	};
	rootObject = 3C537B18241DF8EF00A1DB6B /* Project object */;
}
